// !$*UTF8*$!
{
	archiveVersion = 1;
	classes = {
	};
	objectVersion = 46;
	objects = {

/* Begin PBXBuildFile section */
		56017B971A2305F5001E6CEF /* kBITableViewCellHaveSwitch.m in Sources */ = {isa = PBXBuildFile; fileRef = 56017B961A2305F5001E6CEF /* kBITableViewCellHaveSwitch.m */; };
		56017B9A1A2310E3001E6CEF /* kBITableViewCellHavePicker.m in Sources */ = {isa = PBXBuildFile; fileRef = 56017B991A2310E3001E6CEF /* kBITableViewCellHavePicker.m */; };
		56017BA01A23776D001E6CEF /* kBISoundEffectSettingsViewController.m in Sources */ = {isa = PBXBuildFile; fileRef = 56017B9F1A23776D001E6CEF /* kBISoundEffectSettingsViewController.m */; };
		56017BAA1A240F15001E6CEF /* kBISettingColorViewController.m in Sources */ = {isa = PBXBuildFile; fileRef = 56017BA91A240F15001E6CEF /* kBISettingColorViewController.m */; };
		5606AFEF1A494F32003F6E9E /* Theme02.mp3 in Resources */ = {isa = PBXBuildFile; fileRef = 5606AFEE1A494F32003F6E9E /* Theme02.mp3 */; };
		5606B02F1A4A638F003F6E9E /* Theme03.mp3 in Resources */ = {isa = PBXBuildFile; fileRef = 5606B02E1A4A638F003F6E9E /* Theme03.mp3 */; };
		5606B0341A4AEB3C003F6E9E /* MediaPlayer.framework in Frameworks */ = {isa = PBXBuildFile; fileRef = 5606B0331A4AEB3C003F6E9E /* MediaPlayer.framework */; };
		5606B0371A4AEE5F003F6E9E /* kBIMediaPickerController.m in Sources */ = {isa = PBXBuildFile; fileRef = 5606B0361A4AEE5F003F6E9E /* kBIMediaPickerController.m */; };
		5606B0391A4BF0ED003F6E9E /* Theme04.mp3 in Resources */ = {isa = PBXBuildFile; fileRef = 5606B0381A4BF0ED003F6E9E /* Theme04.mp3 */; };
		5606B03C1A4BFE9F003F6E9E /* kBIMusicHundlerByImageName.m in Sources */ = {isa = PBXBuildFile; fileRef = 5606B03B1A4BFE9F003F6E9E /* kBIMusicHundlerByImageName.m */; };
		5606B03E1A4C5BD1003F6E9E /* Theme05.mp3 in Resources */ = {isa = PBXBuildFile; fileRef = 5606B03D1A4C5BD1003F6E9E /* Theme05.mp3 */; };
		5606B0411A4CEC8F003F6E9E /* kBIUIViewShowMusicHundlerInfo.m in Sources */ = {isa = PBXBuildFile; fileRef = 5606B0401A4CEC8E003F6E9E /* kBIUIViewShowMusicHundlerInfo.m */; };
		5606B0461A4CF94C003F6E9E /* kBIUIViewShowMusicHundlerInfo.xib in Resources */ = {isa = PBXBuildFile; fileRef = 5606B0451A4CF94C003F6E9E /* kBIUIViewShowMusicHundlerInfo.xib */; };
		5606B0511A4FD7C8003F6E9E /* kAVAudioPlayerManager.m in Sources */ = {isa = PBXBuildFile; fileRef = 5606B0501A4FD7C8003F6E9E /* kAVAudioPlayerManager.m */; };
		5606B0541A5005F2003F6E9E /* kBISelectMusicViewController.m in Sources */ = {isa = PBXBuildFile; fileRef = 5606B0531A5005F2003F6E9E /* kBISelectMusicViewController.m */; };
		5606B0561A51867E003F6E9E /* CellHaveFourItems.xib in Resources */ = {isa = PBXBuildFile; fileRef = 5606B0551A51867E003F6E9E /* CellHaveFourItems.xib */; };
		5606B0581A518E39003F6E9E /* CellFeedbackAndShare.xib in Resources */ = {isa = PBXBuildFile; fileRef = 5606B0571A518E39003F6E9E /* CellFeedbackAndShare.xib */; };
		5606B05C1A518FD8003F6E9E /* CellHaveSwitch.xib in Resources */ = {isa = PBXBuildFile; fileRef = 5606B05B1A518FD8003F6E9E /* CellHaveSwitch.xib */; };
		56427E1719AB823200B516A0 /* Foundation.framework in Frameworks */ = {isa = PBXBuildFile; fileRef = 56427E1619AB823200B516A0 /* Foundation.framework */; };
		56427E1919AB823200B516A0 /* CoreGraphics.framework in Frameworks */ = {isa = PBXBuildFile; fileRef = 56427E1819AB823200B516A0 /* CoreGraphics.framework */; };
		56427E1B19AB823200B516A0 /* UIKit.framework in Frameworks */ = {isa = PBXBuildFile; fileRef = 56427E1A19AB823200B516A0 /* UIKit.framework */; };
		56427E2119AB823200B516A0 /* InfoPlist.strings in Resources */ = {isa = PBXBuildFile; fileRef = 56427E1F19AB823200B516A0 /* InfoPlist.strings */; };
		56427E2319AB823200B516A0 /* main.m in Sources */ = {isa = PBXBuildFile; fileRef = 56427E2219AB823200B516A0 /* main.m */; };
		56427E2719AB823200B516A0 /* AppDelegate.m in Sources */ = {isa = PBXBuildFile; fileRef = 56427E2619AB823200B516A0 /* AppDelegate.m */; };
		56427E2A19AB823200B516A0 /* Main_iPhone.storyboard in Resources */ = {isa = PBXBuildFile; fileRef = 56427E2819AB823200B516A0 /* Main_iPhone.storyboard */; };
		56427E3019AB823200B516A0 /* ViewController.m in Sources */ = {isa = PBXBuildFile; fileRef = 56427E2F19AB823200B516A0 /* ViewController.m */; };
		56427E3219AB823200B516A0 /* Images.xcassets in Resources */ = {isa = PBXBuildFile; fileRef = 56427E3119AB823200B516A0 /* Images.xcassets */; };
		56427E3919AB823200B516A0 /* XCTest.framework in Frameworks */ = {isa = PBXBuildFile; fileRef = 56427E3819AB823200B516A0 /* XCTest.framework */; };
		56427E3A19AB823200B516A0 /* Foundation.framework in Frameworks */ = {isa = PBXBuildFile; fileRef = 56427E1619AB823200B516A0 /* Foundation.framework */; };
		56427E3B19AB823200B516A0 /* UIKit.framework in Frameworks */ = {isa = PBXBuildFile; fileRef = 56427E1A19AB823200B516A0 /* UIKit.framework */; };
		56427E4319AB823200B516A0 /* InfoPlist.strings in Resources */ = {isa = PBXBuildFile; fileRef = 56427E4119AB823200B516A0 /* InfoPlist.strings */; };
		56427E4519AB823200B516A0 /* BodyImpersonatorTests.m in Sources */ = {isa = PBXBuildFile; fileRef = 56427E4419AB823200B516A0 /* BodyImpersonatorTests.m */; };
		56427E4F19AB82C200B516A0 /* .gitignore in Resources */ = {isa = PBXBuildFile; fileRef = 56427E4E19AB82C200B516A0 /* .gitignore */; };
		56427E8719AB88CB00B516A0 /* crash13.mp3 in Resources */ = {isa = PBXBuildFile; fileRef = 56427E8519AB88CB00B516A0 /* crash13.mp3 */; };
		56427E8819AB88CB00B516A0 /* roll13.mp3 in Resources */ = {isa = PBXBuildFile; fileRef = 56427E8619AB88CB00B516A0 /* roll13.mp3 */; };
		56427EA119AB895300B516A0 /* UIImageView+Animation.m in Sources */ = {isa = PBXBuildFile; fileRef = 56427EA019AB895300B516A0 /* UIImageView+Animation.m */; };
		56427EA819AB897500B516A0 /* AVAudioPlayer+CustomControllers.m in Sources */ = {isa = PBXBuildFile; fileRef = 56427EA319AB897500B516A0 /* AVAudioPlayer+CustomControllers.m */; };
		56427EAC19AB8FC900B516A0 /* AVFoundation.framework in Frameworks */ = {isa = PBXBuildFile; fileRef = 56427EAB19AB8FC900B516A0 /* AVFoundation.framework */; };
		56427EAE19AB8FE200B516A0 /* iAd.framework in Frameworks */ = {isa = PBXBuildFile; fileRef = 56427EAD19AB8FE200B516A0 /* iAd.framework */; };
		56427EB019AB904400B516A0 /* QuartzCore.framework in Frameworks */ = {isa = PBXBuildFile; fileRef = 56427EAF19AB904400B516A0 /* QuartzCore.framework */; };
		56427EB219AB905500B516A0 /* AudioToolbox.framework in Frameworks */ = {isa = PBXBuildFile; fileRef = 56427EB119AB905500B516A0 /* AudioToolbox.framework */; };
		56427EB419AB913D00B516A0 /* ImageIO.framework in Frameworks */ = {isa = PBXBuildFile; fileRef = 56427EB319AB913D00B516A0 /* ImageIO.framework */; };
		56427EB619AB915100B516A0 /* Security.framework in Frameworks */ = {isa = PBXBuildFile; fileRef = 56427EB519AB915100B516A0 /* Security.framework */; };
		56427EB819AB916400B516A0 /* CoreTelephony.framework in Frameworks */ = {isa = PBXBuildFile; fileRef = 56427EB719AB916400B516A0 /* CoreTelephony.framework */; };
		56427EBA19AB917A00B516A0 /* AdSupport.framework in Frameworks */ = {isa = PBXBuildFile; fileRef = 56427EB919AB917A00B516A0 /* AdSupport.framework */; };
		56427EBC19AB918C00B516A0 /* SystemConfiguration.framework in Frameworks */ = {isa = PBXBuildFile; fileRef = 56427EBB19AB918C00B516A0 /* SystemConfiguration.framework */; };
		56427EBE19AB919B00B516A0 /* MessageUI.framework in Frameworks */ = {isa = PBXBuildFile; fileRef = 56427EBD19AB919B00B516A0 /* MessageUI.framework */; };
		56427EC019AB91BF00B516A0 /* StoreKit.framework in Frameworks */ = {isa = PBXBuildFile; fileRef = 56427EBF19AB91BE00B516A0 /* StoreKit.framework */; };
		564AD77B19E3B4FB0069901D /* previewVC.m in Sources */ = {isa = PBXBuildFile; fileRef = 564AD77A19E3B4FB0069901D /* previewVC.m */; };
		565E97DA1A0D0B4000C18266 /* BICollectionReusableView.m in Sources */ = {isa = PBXBuildFile; fileRef = 565E97D91A0D0B4000C18266 /* BICollectionReusableView.m */; };
		5676F8551A20703F00F7067F /* Localizable.strings in Resources */ = {isa = PBXBuildFile; fileRef = 5676F8571A20703F00F7067F /* Localizable.strings */; };
		5686757B19BED3C900AF524A /* secondVC.m in Sources */ = {isa = PBXBuildFile; fileRef = 5686757A19BED3C900AF524A /* secondVC.m */; };
		568B95F51A11CF5600368272 /* BISettingViewController.m in Sources */ = {isa = PBXBuildFile; fileRef = 568B95F41A11CF5600368272 /* BISettingViewController.m */; };
		568B95F81A11D50A00368272 /* BITableViewCellHaveFourItems.m in Sources */ = {isa = PBXBuildFile; fileRef = 568B95F71A11D50A00368272 /* BITableViewCellHaveFourItems.m */; };
		568B96011A12350500368272 /* BIFeedbakAndActionCell.m in Sources */ = {isa = PBXBuildFile; fileRef = 568B96001A12350500368272 /* BIFeedbakAndActionCell.m */; };
		568B961E1A185CF300368272 /* tappedImageVC.m in Sources */ = {isa = PBXBuildFile; fileRef = 568B961D1A185CF300368272 /* tappedImageVC.m */; };
		568B96401A1B03BB00368272 /* libGoogleAdMobAds.a in Frameworks */ = {isa = PBXBuildFile; fileRef = 568B963E1A1B03BB00368272 /* libGoogleAdMobAds.a */; };
		568B96411A1B03BB00368272 /* README.txt in Resources */ = {isa = PBXBuildFile; fileRef = 568B963F1A1B03BB00368272 /* README.txt */; };
		568B968A1A1C370600368272 /* libAdapterNend.a in Frameworks */ = {isa = PBXBuildFile; fileRef = 568B964B1A1C370600368272 /* libAdapterNend.a */; };
		568B968B1A1C370600368272 /* libAdapterNend_readme.txt in Resources */ = {isa = PBXBuildFile; fileRef = 568B964C1A1C370600368272 /* libAdapterNend_readme.txt */; };
		568B968C1A1C370600368272 /* libNendAd.a in Frameworks */ = {isa = PBXBuildFile; fileRef = 568B964F1A1C370600368272 /* libNendAd.a */; };
		568B968D1A1C370600368272 /* NADView_readme.txt in Resources */ = {isa = PBXBuildFile; fileRef = 568B96551A1C370600368272 /* NADView_readme.txt */; };
		568B96B51A1DB61D00368272 /* NSObject+Animation.m in Sources */ = {isa = PBXBuildFile; fileRef = 568B96B41A1DB61D00368272 /* NSObject+Animation.m */; };
		568B96BA1A1ECF1700368272 /* kBIIndicator.m in Sources */ = {isa = PBXBuildFile; fileRef = 568B96B91A1ECF1700368272 /* kBIIndicator.m */; };
		569B43231A00A89300EF21EC /* FrameOutCollectionViewFlowLayout.m in Sources */ = {isa = PBXBuildFile; fileRef = 569B43221A00A89300EF21EC /* FrameOutCollectionViewFlowLayout.m */; };
		569B43291A00BCB700EF21EC /* BICollectionViewCell.m in Sources */ = {isa = PBXBuildFile; fileRef = 569B43281A00BCB700EF21EC /* BICollectionViewCell.m */; };
		56A4B1FF19FB70C40009CC37 /* NSArray+IndexHelper.m in Sources */ = {isa = PBXBuildFile; fileRef = 56A4B1FE19FB70C40009CC37 /* NSArray+IndexHelper.m */; };
		56A9A9F61A2804A700DBE7F4 /* kBISettingMotionControllsViewController.m in Sources */ = {isa = PBXBuildFile; fileRef = 56A9A9F41A2804A700DBE7F4 /* kBISettingMotionControllsViewController.m */; };
		56A9A9FA1A284AA100DBE7F4 /* kBIAddOnPurchaseViewController.m in Sources */ = {isa = PBXBuildFile; fileRef = 56A9A9F91A284AA100DBE7F4 /* kBIAddOnPurchaseViewController.m */; };
		56C9954A1A088C180006477D /* BugFixContainerView.m in Sources */ = {isa = PBXBuildFile; fileRef = 56C995491A088C180006477D /* BugFixContainerView.m */; };
		56D13B471A41198B001B2AC7 /* libGoogleAnalyticsServices.a in Frameworks */ = {isa = PBXBuildFile; fileRef = 56D13B461A41198B001B2AC7 /* libGoogleAnalyticsServices.a */; };
		56D13B491A4119FC001B2AC7 /* CoreData.framework in Frameworks */ = {isa = PBXBuildFile; fileRef = 56D13B481A4119FC001B2AC7 /* CoreData.framework */; };
		56D13B4B1A411A30001B2AC7 /* libz.dylib in Frameworks */ = {isa = PBXBuildFile; fileRef = 56D13B4A1A411A30001B2AC7 /* libz.dylib */; };
		56D13B4D1A4120CB001B2AC7 /* libsqlite3.0.dylib in Frameworks */ = {isa = PBXBuildFile; fileRef = 56D13B4C1A4120CB001B2AC7 /* libsqlite3.0.dylib */; };
		56E14FFD19FF38930029B81D /* playVC.m in Sources */ = {isa = PBXBuildFile; fileRef = 56E14FFC19FF38930029B81D /* playVC.m */; };
/* End PBXBuildFile section */

/* Begin PBXContainerItemProxy section */
		56427E3C19AB823200B516A0 /* PBXContainerItemProxy */ = {
			isa = PBXContainerItemProxy;
			containerPortal = 56427E0B19AB823200B516A0 /* Project object */;
			proxyType = 1;
			remoteGlobalIDString = 56427E1219AB823200B516A0;
			remoteInfo = BodyImpersonator;
		};
/* End PBXContainerItemProxy section */

/* Begin PBXFileReference section */
		56017B951A2305F5001E6CEF /* kBITableViewCellHaveSwitch.h */ = {isa = PBXFileReference; fileEncoding = 4; lastKnownFileType = sourcecode.c.h; path = kBITableViewCellHaveSwitch.h; sourceTree = "<group>"; };
		56017B961A2305F5001E6CEF /* kBITableViewCellHaveSwitch.m */ = {isa = PBXFileReference; fileEncoding = 4; lastKnownFileType = sourcecode.c.objc; path = kBITableViewCellHaveSwitch.m; sourceTree = "<group>"; };
		56017B981A2310E3001E6CEF /* kBITableViewCellHavePicker.h */ = {isa = PBXFileReference; fileEncoding = 4; lastKnownFileType = sourcecode.c.h; path = kBITableViewCellHavePicker.h; sourceTree = "<group>"; };
		56017B991A2310E3001E6CEF /* kBITableViewCellHavePicker.m */ = {isa = PBXFileReference; fileEncoding = 4; lastKnownFileType = sourcecode.c.objc; path = kBITableViewCellHavePicker.m; sourceTree = "<group>"; };
		56017B9E1A23776D001E6CEF /* kBISoundEffectSettingsViewController.h */ = {isa = PBXFileReference; fileEncoding = 4; lastKnownFileType = sourcecode.c.h; name = kBISoundEffectSettingsViewController.h; path = ../kBISoundEffectSettingsViewController.h; sourceTree = "<group>"; };
		56017B9F1A23776D001E6CEF /* kBISoundEffectSettingsViewController.m */ = {isa = PBXFileReference; fileEncoding = 4; lastKnownFileType = sourcecode.c.objc; name = kBISoundEffectSettingsViewController.m; path = ../kBISoundEffectSettingsViewController.m; sourceTree = "<group>"; };
		56017BA81A240F15001E6CEF /* kBISettingColorViewController.h */ = {isa = PBXFileReference; fileEncoding = 4; lastKnownFileType = sourcecode.c.h; path = kBISettingColorViewController.h; sourceTree = "<group>"; };
		56017BA91A240F15001E6CEF /* kBISettingColorViewController.m */ = {isa = PBXFileReference; fileEncoding = 4; lastKnownFileType = sourcecode.c.objc; path = kBISettingColorViewController.m; sourceTree = "<group>"; };
		5606AFEE1A494F32003F6E9E /* Theme02.mp3 */ = {isa = PBXFileReference; lastKnownFileType = audio.mp3; path = Theme02.mp3; sourceTree = "<group>"; };
		5606B02E1A4A638F003F6E9E /* Theme03.mp3 */ = {isa = PBXFileReference; lastKnownFileType = audio.mp3; path = Theme03.mp3; sourceTree = "<group>"; };
		5606B0331A4AEB3C003F6E9E /* MediaPlayer.framework */ = {isa = PBXFileReference; lastKnownFileType = wrapper.framework; name = MediaPlayer.framework; path = System/Library/Frameworks/MediaPlayer.framework; sourceTree = SDKROOT; };
		5606B0351A4AEE5F003F6E9E /* kBIMediaPickerController.h */ = {isa = PBXFileReference; fileEncoding = 4; lastKnownFileType = sourcecode.c.h; path = kBIMediaPickerController.h; sourceTree = "<group>"; };
		5606B0361A4AEE5F003F6E9E /* kBIMediaPickerController.m */ = {isa = PBXFileReference; fileEncoding = 4; lastKnownFileType = sourcecode.c.objc; path = kBIMediaPickerController.m; sourceTree = "<group>"; };
		5606B0381A4BF0ED003F6E9E /* Theme04.mp3 */ = {isa = PBXFileReference; lastKnownFileType = audio.mp3; path = Theme04.mp3; sourceTree = "<group>"; };
		5606B03A1A4BFE9F003F6E9E /* kBIMusicHundlerByImageName.h */ = {isa = PBXFileReference; fileEncoding = 4; lastKnownFileType = sourcecode.c.h; path = kBIMusicHundlerByImageName.h; sourceTree = "<group>"; };
		5606B03B1A4BFE9F003F6E9E /* kBIMusicHundlerByImageName.m */ = {isa = PBXFileReference; fileEncoding = 4; lastKnownFileType = sourcecode.c.objc; path = kBIMusicHundlerByImageName.m; sourceTree = "<group>"; };
		5606B03D1A4C5BD1003F6E9E /* Theme05.mp3 */ = {isa = PBXFileReference; lastKnownFileType = audio.mp3; path = Theme05.mp3; sourceTree = "<group>"; };
		5606B03F1A4CEC8E003F6E9E /* kBIUIViewShowMusicHundlerInfo.h */ = {isa = PBXFileReference; fileEncoding = 4; lastKnownFileType = sourcecode.c.h; path = kBIUIViewShowMusicHundlerInfo.h; sourceTree = "<group>"; };
		5606B0401A4CEC8E003F6E9E /* kBIUIViewShowMusicHundlerInfo.m */ = {isa = PBXFileReference; fileEncoding = 4; lastKnownFileType = sourcecode.c.objc; path = kBIUIViewShowMusicHundlerInfo.m; sourceTree = "<group>"; };
		5606B0451A4CF94C003F6E9E /* kBIUIViewShowMusicHundlerInfo.xib */ = {isa = PBXFileReference; fileEncoding = 4; lastKnownFileType = file.xib; path = kBIUIViewShowMusicHundlerInfo.xib; sourceTree = "<group>"; };
		5606B04F1A4FD7C8003F6E9E /* kAVAudioPlayerManager.h */ = {isa = PBXFileReference; fileEncoding = 4; lastKnownFileType = sourcecode.c.h; path = kAVAudioPlayerManager.h; sourceTree = "<group>"; };
		5606B0501A4FD7C8003F6E9E /* kAVAudioPlayerManager.m */ = {isa = PBXFileReference; fileEncoding = 4; lastKnownFileType = sourcecode.c.objc; path = kAVAudioPlayerManager.m; sourceTree = "<group>"; };
		5606B0521A5005F2003F6E9E /* kBISelectMusicViewController.h */ = {isa = PBXFileReference; fileEncoding = 4; lastKnownFileType = sourcecode.c.h; path = kBISelectMusicViewController.h; sourceTree = "<group>"; };
		5606B0531A5005F2003F6E9E /* kBISelectMusicViewController.m */ = {isa = PBXFileReference; fileEncoding = 4; lastKnownFileType = sourcecode.c.objc; path = kBISelectMusicViewController.m; sourceTree = "<group>"; };
		5606B0551A51867E003F6E9E /* CellHaveFourItems.xib */ = {isa = PBXFileReference; fileEncoding = 4; lastKnownFileType = file.xib; name = CellHaveFourItems.xib; path = ../CellHaveFourItems.xib; sourceTree = "<group>"; };
		5606B0571A518E39003F6E9E /* CellFeedbackAndShare.xib */ = {isa = PBXFileReference; fileEncoding = 4; lastKnownFileType = file.xib; path = CellFeedbackAndShare.xib; sourceTree = "<group>"; };
		5606B05B1A518FD8003F6E9E /* CellHaveSwitch.xib */ = {isa = PBXFileReference; fileEncoding = 4; lastKnownFileType = file.xib; path = CellHaveSwitch.xib; sourceTree = "<group>"; };
		5617B4BE1A20437800586645 /* ja */ = {isa = PBXFileReference; lastKnownFileType = text.plist.strings; name = ja; path = ja.lproj/InfoPlist.strings; sourceTree = "<group>"; };
		5617B4C11A20437800586645 /* ja */ = {isa = PBXFileReference; lastKnownFileType = text.plist.strings; name = ja; path = ja.lproj/InfoPlist.strings; sourceTree = "<group>"; };
		56427E1319AB823200B516A0 /* BodyImpersonator.app */ = {isa = PBXFileReference; explicitFileType = wrapper.application; includeInIndex = 0; path = BodyImpersonator.app; sourceTree = BUILT_PRODUCTS_DIR; };
		56427E1619AB823200B516A0 /* Foundation.framework */ = {isa = PBXFileReference; lastKnownFileType = wrapper.framework; name = Foundation.framework; path = System/Library/Frameworks/Foundation.framework; sourceTree = SDKROOT; };
		56427E1819AB823200B516A0 /* CoreGraphics.framework */ = {isa = PBXFileReference; lastKnownFileType = wrapper.framework; name = CoreGraphics.framework; path = System/Library/Frameworks/CoreGraphics.framework; sourceTree = SDKROOT; };
		56427E1A19AB823200B516A0 /* UIKit.framework */ = {isa = PBXFileReference; lastKnownFileType = wrapper.framework; name = UIKit.framework; path = System/Library/Frameworks/UIKit.framework; sourceTree = SDKROOT; };
		56427E1E19AB823200B516A0 /* BodyImpersonator-Info.plist */ = {isa = PBXFileReference; lastKnownFileType = text.plist.xml; path = "BodyImpersonator-Info.plist"; sourceTree = "<group>"; };
		56427E2019AB823200B516A0 /* en */ = {isa = PBXFileReference; lastKnownFileType = text.plist.strings; name = en; path = en.lproj/InfoPlist.strings; sourceTree = "<group>"; };
		56427E2219AB823200B516A0 /* main.m */ = {isa = PBXFileReference; lastKnownFileType = sourcecode.c.objc; path = main.m; sourceTree = "<group>"; };
		56427E2419AB823200B516A0 /* BodyImpersonator-Prefix.pch */ = {isa = PBXFileReference; lastKnownFileType = sourcecode.c.h; path = "BodyImpersonator-Prefix.pch"; sourceTree = "<group>"; };
		56427E2519AB823200B516A0 /* AppDelegate.h */ = {isa = PBXFileReference; lastKnownFileType = sourcecode.c.h; path = AppDelegate.h; sourceTree = "<group>"; };
		56427E2619AB823200B516A0 /* AppDelegate.m */ = {isa = PBXFileReference; lastKnownFileType = sourcecode.c.objc; path = AppDelegate.m; sourceTree = "<group>"; };
		56427E2919AB823200B516A0 /* Base */ = {isa = PBXFileReference; lastKnownFileType = file.storyboard; name = Base; path = Base.lproj/Main_iPhone.storyboard; sourceTree = "<group>"; };
		56427E2E19AB823200B516A0 /* ViewController.h */ = {isa = PBXFileReference; lastKnownFileType = sourcecode.c.h; path = ViewController.h; sourceTree = "<group>"; };
		56427E2F19AB823200B516A0 /* ViewController.m */ = {isa = PBXFileReference; lastKnownFileType = sourcecode.c.objc; path = ViewController.m; sourceTree = "<group>"; };
		56427E3119AB823200B516A0 /* Images.xcassets */ = {isa = PBXFileReference; lastKnownFileType = folder.assetcatalog; path = Images.xcassets; sourceTree = "<group>"; };
		56427E3719AB823200B516A0 /* BodyImpersonatorTests.xctest */ = {isa = PBXFileReference; explicitFileType = wrapper.cfbundle; includeInIndex = 0; path = BodyImpersonatorTests.xctest; sourceTree = BUILT_PRODUCTS_DIR; };
		56427E3819AB823200B516A0 /* XCTest.framework */ = {isa = PBXFileReference; lastKnownFileType = wrapper.framework; name = XCTest.framework; path = Library/Frameworks/XCTest.framework; sourceTree = DEVELOPER_DIR; };
		56427E4019AB823200B516A0 /* BodyImpersonatorTests-Info.plist */ = {isa = PBXFileReference; lastKnownFileType = text.plist.xml; path = "BodyImpersonatorTests-Info.plist"; sourceTree = "<group>"; };
		56427E4219AB823200B516A0 /* en */ = {isa = PBXFileReference; lastKnownFileType = text.plist.strings; name = en; path = en.lproj/InfoPlist.strings; sourceTree = "<group>"; };
		56427E4419AB823200B516A0 /* BodyImpersonatorTests.m */ = {isa = PBXFileReference; lastKnownFileType = sourcecode.c.objc; path = BodyImpersonatorTests.m; sourceTree = "<group>"; };
		56427E4E19AB82C200B516A0 /* .gitignore */ = {isa = PBXFileReference; fileEncoding = 4; lastKnownFileType = text; path = .gitignore; sourceTree = "<group>"; };
		56427E8519AB88CB00B516A0 /* crash13.mp3 */ = {isa = PBXFileReference; lastKnownFileType = audio.mp3; path = crash13.mp3; sourceTree = "<group>"; };
		56427E8619AB88CB00B516A0 /* roll13.mp3 */ = {isa = PBXFileReference; lastKnownFileType = audio.mp3; path = roll13.mp3; sourceTree = "<group>"; };
		56427E9F19AB895300B516A0 /* UIImageView+Animation.h */ = {isa = PBXFileReference; fileEncoding = 4; lastKnownFileType = sourcecode.c.h; path = "UIImageView+Animation.h"; sourceTree = "<group>"; };
		56427EA019AB895300B516A0 /* UIImageView+Animation.m */ = {isa = PBXFileReference; fileEncoding = 4; lastKnownFileType = sourcecode.c.objc; path = "UIImageView+Animation.m"; sourceTree = "<group>"; };
		56427EA219AB897500B516A0 /* AVAudioPlayer+CustomControllers.h */ = {isa = PBXFileReference; fileEncoding = 4; lastKnownFileType = sourcecode.c.h; path = "AVAudioPlayer+CustomControllers.h"; sourceTree = "<group>"; };
		56427EA319AB897500B516A0 /* AVAudioPlayer+CustomControllers.m */ = {isa = PBXFileReference; fileEncoding = 4; lastKnownFileType = sourcecode.c.objc; path = "AVAudioPlayer+CustomControllers.m"; sourceTree = "<group>"; };
		56427EAB19AB8FC900B516A0 /* AVFoundation.framework */ = {isa = PBXFileReference; lastKnownFileType = wrapper.framework; name = AVFoundation.framework; path = System/Library/Frameworks/AVFoundation.framework; sourceTree = SDKROOT; };
		56427EAD19AB8FE200B516A0 /* iAd.framework */ = {isa = PBXFileReference; lastKnownFileType = wrapper.framework; name = iAd.framework; path = System/Library/Frameworks/iAd.framework; sourceTree = SDKROOT; };
		56427EAF19AB904400B516A0 /* QuartzCore.framework */ = {isa = PBXFileReference; lastKnownFileType = wrapper.framework; name = QuartzCore.framework; path = System/Library/Frameworks/QuartzCore.framework; sourceTree = SDKROOT; };
		56427EB119AB905500B516A0 /* AudioToolbox.framework */ = {isa = PBXFileReference; lastKnownFileType = wrapper.framework; name = AudioToolbox.framework; path = System/Library/Frameworks/AudioToolbox.framework; sourceTree = SDKROOT; };
		56427EB319AB913D00B516A0 /* ImageIO.framework */ = {isa = PBXFileReference; lastKnownFileType = wrapper.framework; name = ImageIO.framework; path = System/Library/Frameworks/ImageIO.framework; sourceTree = SDKROOT; };
		56427EB519AB915100B516A0 /* Security.framework */ = {isa = PBXFileReference; lastKnownFileType = wrapper.framework; name = Security.framework; path = System/Library/Frameworks/Security.framework; sourceTree = SDKROOT; };
		56427EB719AB916400B516A0 /* CoreTelephony.framework */ = {isa = PBXFileReference; lastKnownFileType = wrapper.framework; name = CoreTelephony.framework; path = System/Library/Frameworks/CoreTelephony.framework; sourceTree = SDKROOT; };
		56427EB919AB917A00B516A0 /* AdSupport.framework */ = {isa = PBXFileReference; lastKnownFileType = wrapper.framework; name = AdSupport.framework; path = System/Library/Frameworks/AdSupport.framework; sourceTree = SDKROOT; };
		56427EBB19AB918C00B516A0 /* SystemConfiguration.framework */ = {isa = PBXFileReference; lastKnownFileType = wrapper.framework; name = SystemConfiguration.framework; path = System/Library/Frameworks/SystemConfiguration.framework; sourceTree = SDKROOT; };
		56427EBD19AB919B00B516A0 /* MessageUI.framework */ = {isa = PBXFileReference; lastKnownFileType = wrapper.framework; name = MessageUI.framework; path = System/Library/Frameworks/MessageUI.framework; sourceTree = SDKROOT; };
		56427EBF19AB91BE00B516A0 /* StoreKit.framework */ = {isa = PBXFileReference; lastKnownFileType = wrapper.framework; name = StoreKit.framework; path = System/Library/Frameworks/StoreKit.framework; sourceTree = SDKROOT; };
		564AD77919E3B4FB0069901D /* previewVC.h */ = {isa = PBXFileReference; fileEncoding = 4; lastKnownFileType = sourcecode.c.h; path = previewVC.h; sourceTree = "<group>"; };
		564AD77A19E3B4FB0069901D /* previewVC.m */ = {isa = PBXFileReference; fileEncoding = 4; lastKnownFileType = sourcecode.c.objc; path = previewVC.m; sourceTree = "<group>"; };
		565E97D81A0D0B4000C18266 /* BICollectionReusableView.h */ = {isa = PBXFileReference; fileEncoding = 4; lastKnownFileType = sourcecode.c.h; path = BICollectionReusableView.h; sourceTree = "<group>"; };
		565E97D91A0D0B4000C18266 /* BICollectionReusableView.m */ = {isa = PBXFileReference; fileEncoding = 4; lastKnownFileType = sourcecode.c.objc; path = BICollectionReusableView.m; sourceTree = "<group>"; };
		5676F8561A20703F00F7067F /* Base */ = {isa = PBXFileReference; lastKnownFileType = text.plist.strings; name = Base; path = Base.lproj/Localizable.strings; sourceTree = "<group>"; };
		5676F8581A20704300F7067F /* ja */ = {isa = PBXFileReference; lastKnownFileType = text.plist.strings; name = ja; path = ja.lproj/Localizable.strings; sourceTree = "<group>"; };
		5686757919BED3C900AF524A /* secondVC.h */ = {isa = PBXFileReference; fileEncoding = 4; lastKnownFileType = sourcecode.c.h; path = secondVC.h; sourceTree = "<group>"; };
		5686757A19BED3C900AF524A /* secondVC.m */ = {isa = PBXFileReference; fileEncoding = 4; lastKnownFileType = sourcecode.c.objc; path = secondVC.m; sourceTree = "<group>"; };
		568B95F31A11CF5600368272 /* BISettingViewController.h */ = {isa = PBXFileReference; fileEncoding = 4; lastKnownFileType = sourcecode.c.h; path = BISettingViewController.h; sourceTree = "<group>"; };
		568B95F41A11CF5600368272 /* BISettingViewController.m */ = {isa = PBXFileReference; fileEncoding = 4; lastKnownFileType = sourcecode.c.objc; path = BISettingViewController.m; sourceTree = "<group>"; };
		568B95F61A11D50A00368272 /* BITableViewCellHaveFourItems.h */ = {isa = PBXFileReference; fileEncoding = 4; lastKnownFileType = sourcecode.c.h; path = BITableViewCellHaveFourItems.h; sourceTree = "<group>"; };
		568B95F71A11D50A00368272 /* BITableViewCellHaveFourItems.m */ = {isa = PBXFileReference; fileEncoding = 4; lastKnownFileType = sourcecode.c.objc; path = BITableViewCellHaveFourItems.m; sourceTree = "<group>"; };
		568B95FF1A12350500368272 /* BIFeedbakAndActionCell.h */ = {isa = PBXFileReference; fileEncoding = 4; lastKnownFileType = sourcecode.c.h; path = BIFeedbakAndActionCell.h; sourceTree = "<group>"; };
		568B96001A12350500368272 /* BIFeedbakAndActionCell.m */ = {isa = PBXFileReference; fileEncoding = 4; lastKnownFileType = sourcecode.c.objc; path = BIFeedbakAndActionCell.m; sourceTree = "<group>"; };
		568B961C1A185CF300368272 /* tappedImageVC.h */ = {isa = PBXFileReference; fileEncoding = 4; lastKnownFileType = sourcecode.c.h; path = tappedImageVC.h; sourceTree = "<group>"; };
		568B961D1A185CF300368272 /* tappedImageVC.m */ = {isa = PBXFileReference; fileEncoding = 4; lastKnownFileType = sourcecode.c.objc; path = tappedImageVC.m; sourceTree = "<group>"; };
		568B96211A1B03BB00368272 /* DFPBannerView.h */ = {isa = PBXFileReference; fileEncoding = 4; lastKnownFileType = sourcecode.c.h; path = DFPBannerView.h; sourceTree = "<group>"; };
		568B96221A1B03BB00368272 /* DFPExtras.h */ = {isa = PBXFileReference; fileEncoding = 4; lastKnownFileType = sourcecode.c.h; path = DFPExtras.h; sourceTree = "<group>"; };
		568B96231A1B03BB00368272 /* DFPInterstitial.h */ = {isa = PBXFileReference; fileEncoding = 4; lastKnownFileType = sourcecode.c.h; path = DFPInterstitial.h; sourceTree = "<group>"; };
		568B96241A1B03BB00368272 /* DFPSwipeableBannerView.h */ = {isa = PBXFileReference; fileEncoding = 4; lastKnownFileType = sourcecode.c.h; path = DFPSwipeableBannerView.h; sourceTree = "<group>"; };
		568B96251A1B03BB00368272 /* GADAdSizeDelegate.h */ = {isa = PBXFileReference; fileEncoding = 4; lastKnownFileType = sourcecode.c.h; path = GADAdSizeDelegate.h; sourceTree = "<group>"; };
		568B96261A1B03BB00368272 /* GADAppEventDelegate.h */ = {isa = PBXFileReference; fileEncoding = 4; lastKnownFileType = sourcecode.c.h; path = GADAppEventDelegate.h; sourceTree = "<group>"; };
		568B96271A1B03BB00368272 /* GADSwipeableBannerViewDelegate.h */ = {isa = PBXFileReference; fileEncoding = 4; lastKnownFileType = sourcecode.c.h; path = GADSwipeableBannerViewDelegate.h; sourceTree = "<group>"; };
		568B96291A1B03BB00368272 /* GADCustomEventBanner.h */ = {isa = PBXFileReference; fileEncoding = 4; lastKnownFileType = sourcecode.c.h; path = GADCustomEventBanner.h; sourceTree = "<group>"; };
		568B962A1A1B03BB00368272 /* GADCustomEventBannerDelegate.h */ = {isa = PBXFileReference; fileEncoding = 4; lastKnownFileType = sourcecode.c.h; path = GADCustomEventBannerDelegate.h; sourceTree = "<group>"; };
		568B962B1A1B03BB00368272 /* GADCustomEventExtras.h */ = {isa = PBXFileReference; fileEncoding = 4; lastKnownFileType = sourcecode.c.h; path = GADCustomEventExtras.h; sourceTree = "<group>"; };
		568B962C1A1B03BB00368272 /* GADCustomEventInterstitial.h */ = {isa = PBXFileReference; fileEncoding = 4; lastKnownFileType = sourcecode.c.h; path = GADCustomEventInterstitial.h; sourceTree = "<group>"; };
		568B962D1A1B03BB00368272 /* GADCustomEventInterstitialDelegate.h */ = {isa = PBXFileReference; fileEncoding = 4; lastKnownFileType = sourcecode.c.h; path = GADCustomEventInterstitialDelegate.h; sourceTree = "<group>"; };
		568B962E1A1B03BB00368272 /* GADCustomEventRequest.h */ = {isa = PBXFileReference; fileEncoding = 4; lastKnownFileType = sourcecode.c.h; path = GADCustomEventRequest.h; sourceTree = "<group>"; };
		568B96301A1B03BB00368272 /* GADSearchBannerView.h */ = {isa = PBXFileReference; fileEncoding = 4; lastKnownFileType = sourcecode.c.h; path = GADSearchBannerView.h; sourceTree = "<group>"; };
		568B96311A1B03BB00368272 /* GADSearchRequest.h */ = {isa = PBXFileReference; fileEncoding = 4; lastKnownFileType = sourcecode.c.h; path = GADSearchRequest.h; sourceTree = "<group>"; };
		568B96321A1B03BB00368272 /* GADAdMobExtras.h */ = {isa = PBXFileReference; fileEncoding = 4; lastKnownFileType = sourcecode.c.h; path = GADAdMobExtras.h; sourceTree = "<group>"; };
		568B96331A1B03BB00368272 /* GADAdNetworkExtras.h */ = {isa = PBXFileReference; fileEncoding = 4; lastKnownFileType = sourcecode.c.h; path = GADAdNetworkExtras.h; sourceTree = "<group>"; };
		568B96341A1B03BB00368272 /* GADAdSize.h */ = {isa = PBXFileReference; fileEncoding = 4; lastKnownFileType = sourcecode.c.h; path = GADAdSize.h; sourceTree = "<group>"; };
		568B96351A1B03BB00368272 /* GADBannerView.h */ = {isa = PBXFileReference; fileEncoding = 4; lastKnownFileType = sourcecode.c.h; path = GADBannerView.h; sourceTree = "<group>"; };
		568B96361A1B03BB00368272 /* GADBannerViewDelegate.h */ = {isa = PBXFileReference; fileEncoding = 4; lastKnownFileType = sourcecode.c.h; path = GADBannerViewDelegate.h; sourceTree = "<group>"; };
		568B96371A1B03BB00368272 /* GADInAppPurchase.h */ = {isa = PBXFileReference; fileEncoding = 4; lastKnownFileType = sourcecode.c.h; path = GADInAppPurchase.h; sourceTree = "<group>"; };
		568B96381A1B03BB00368272 /* GADInAppPurchaseDelegate.h */ = {isa = PBXFileReference; fileEncoding = 4; lastKnownFileType = sourcecode.c.h; path = GADInAppPurchaseDelegate.h; sourceTree = "<group>"; };
		568B96391A1B03BB00368272 /* GADInterstitial.h */ = {isa = PBXFileReference; fileEncoding = 4; lastKnownFileType = sourcecode.c.h; path = GADInterstitial.h; sourceTree = "<group>"; };
		568B963A1A1B03BB00368272 /* GADInterstitialDelegate.h */ = {isa = PBXFileReference; fileEncoding = 4; lastKnownFileType = sourcecode.c.h; path = GADInterstitialDelegate.h; sourceTree = "<group>"; };
		568B963B1A1B03BB00368272 /* GADModules.h */ = {isa = PBXFileReference; fileEncoding = 4; lastKnownFileType = sourcecode.c.h; path = GADModules.h; sourceTree = "<group>"; };
		568B963C1A1B03BB00368272 /* GADRequest.h */ = {isa = PBXFileReference; fileEncoding = 4; lastKnownFileType = sourcecode.c.h; path = GADRequest.h; sourceTree = "<group>"; };
		568B963D1A1B03BB00368272 /* GADRequestError.h */ = {isa = PBXFileReference; fileEncoding = 4; lastKnownFileType = sourcecode.c.h; path = GADRequestError.h; sourceTree = "<group>"; };
		568B963E1A1B03BB00368272 /* libGoogleAdMobAds.a */ = {isa = PBXFileReference; lastKnownFileType = archive.ar; path = libGoogleAdMobAds.a; sourceTree = "<group>"; };
		568B963F1A1B03BB00368272 /* README.txt */ = {isa = PBXFileReference; fileEncoding = 4; lastKnownFileType = text; path = README.txt; sourceTree = "<group>"; };
		568B964B1A1C370600368272 /* libAdapterNend.a */ = {isa = PBXFileReference; lastKnownFileType = archive.ar; path = libAdapterNend.a; sourceTree = "<group>"; };
		568B964C1A1C370600368272 /* libAdapterNend_readme.txt */ = {isa = PBXFileReference; fileEncoding = 4; lastKnownFileType = text; path = libAdapterNend_readme.txt; sourceTree = "<group>"; };
		568B964F1A1C370600368272 /* libNendAd.a */ = {isa = PBXFileReference; lastKnownFileType = archive.ar; path = libNendAd.a; sourceTree = "<group>"; };
		568B96501A1C370600368272 /* NADIconArrayView.h */ = {isa = PBXFileReference; fileEncoding = 4; lastKnownFileType = sourcecode.c.h; path = NADIconArrayView.h; sourceTree = "<group>"; };
		568B96511A1C370600368272 /* NADIconLoader.h */ = {isa = PBXFileReference; fileEncoding = 4; lastKnownFileType = sourcecode.c.h; path = NADIconLoader.h; sourceTree = "<group>"; };
		568B96521A1C370600368272 /* NADIconView.h */ = {isa = PBXFileReference; fileEncoding = 4; lastKnownFileType = sourcecode.c.h; path = NADIconView.h; sourceTree = "<group>"; };
		568B96531A1C370600368272 /* NADInterstitial.h */ = {isa = PBXFileReference; fileEncoding = 4; lastKnownFileType = sourcecode.c.h; path = NADInterstitial.h; sourceTree = "<group>"; };
		568B96541A1C370600368272 /* NADView.h */ = {isa = PBXFileReference; fileEncoding = 4; lastKnownFileType = sourcecode.c.h; path = NADView.h; sourceTree = "<group>"; };
		568B96551A1C370600368272 /* NADView_readme.txt */ = {isa = PBXFileReference; fileEncoding = 4; lastKnownFileType = text; path = NADView_readme.txt; sourceTree = "<group>"; };
		568B96561A1C370600368272 /* NendAd-Bridging-Header.h */ = {isa = PBXFileReference; fileEncoding = 4; lastKnownFileType = sourcecode.c.h; path = "NendAd-Bridging-Header.h"; sourceTree = "<group>"; };
		568B96B31A1DB61D00368272 /* NSObject+Animation.h */ = {isa = PBXFileReference; fileEncoding = 4; lastKnownFileType = sourcecode.c.h; path = "NSObject+Animation.h"; sourceTree = "<group>"; };
		568B96B41A1DB61D00368272 /* NSObject+Animation.m */ = {isa = PBXFileReference; fileEncoding = 4; lastKnownFileType = sourcecode.c.objc; path = "NSObject+Animation.m"; sourceTree = "<group>"; };
		568B96B81A1ECF1700368272 /* kBIIndicator.h */ = {isa = PBXFileReference; fileEncoding = 4; lastKnownFileType = sourcecode.c.h; path = kBIIndicator.h; sourceTree = "<group>"; };
		568B96B91A1ECF1700368272 /* kBIIndicator.m */ = {isa = PBXFileReference; fileEncoding = 4; lastKnownFileType = sourcecode.c.objc; path = kBIIndicator.m; sourceTree = "<group>"; };
		569B43211A00A89300EF21EC /* FrameOutCollectionViewFlowLayout.h */ = {isa = PBXFileReference; fileEncoding = 4; lastKnownFileType = sourcecode.c.h; path = FrameOutCollectionViewFlowLayout.h; sourceTree = "<group>"; };
		569B43221A00A89300EF21EC /* FrameOutCollectionViewFlowLayout.m */ = {isa = PBXFileReference; fileEncoding = 4; lastKnownFileType = sourcecode.c.objc; path = FrameOutCollectionViewFlowLayout.m; sourceTree = "<group>"; };
		569B43271A00BCB700EF21EC /* BICollectionViewCell.h */ = {isa = PBXFileReference; fileEncoding = 4; lastKnownFileType = sourcecode.c.h; path = BICollectionViewCell.h; sourceTree = "<group>"; };
		569B43281A00BCB700EF21EC /* BICollectionViewCell.m */ = {isa = PBXFileReference; fileEncoding = 4; lastKnownFileType = sourcecode.c.objc; path = BICollectionViewCell.m; sourceTree = "<group>"; };
		56A4B1FD19FB70C40009CC37 /* NSArray+IndexHelper.h */ = {isa = PBXFileReference; fileEncoding = 4; lastKnownFileType = sourcecode.c.h; path = "NSArray+IndexHelper.h"; sourceTree = "<group>"; };
		56A4B1FE19FB70C40009CC37 /* NSArray+IndexHelper.m */ = {isa = PBXFileReference; fileEncoding = 4; lastKnownFileType = sourcecode.c.objc; path = "NSArray+IndexHelper.m"; sourceTree = "<group>"; };
		56A9A9F31A2804A700DBE7F4 /* kBISettingMotionControllsViewController.h */ = {isa = PBXFileReference; fileEncoding = 4; lastKnownFileType = sourcecode.c.h; path = kBISettingMotionControllsViewController.h; sourceTree = "<group>"; };
		56A9A9F41A2804A700DBE7F4 /* kBISettingMotionControllsViewController.m */ = {isa = PBXFileReference; fileEncoding = 4; lastKnownFileType = sourcecode.c.objc; path = kBISettingMotionControllsViewController.m; sourceTree = "<group>"; };
		56A9A9F81A284AA100DBE7F4 /* kBIAddOnPurchaseViewController.h */ = {isa = PBXFileReference; fileEncoding = 4; lastKnownFileType = sourcecode.c.h; path = kBIAddOnPurchaseViewController.h; sourceTree = "<group>"; };
		56A9A9F91A284AA100DBE7F4 /* kBIAddOnPurchaseViewController.m */ = {isa = PBXFileReference; fileEncoding = 4; lastKnownFileType = sourcecode.c.objc; path = kBIAddOnPurchaseViewController.m; sourceTree = "<group>"; };
		56A9AA061A29B61400DBE7F4 /* ja */ = {isa = PBXFileReference; lastKnownFileType = text.plist.strings; name = ja; path = ja.lproj/Main_iPhone.strings; sourceTree = "<group>"; };
		56A9AA081A29B61700DBE7F4 /* en */ = {isa = PBXFileReference; lastKnownFileType = text.plist.strings; name = en; path = en.lproj/Main_iPhone.strings; sourceTree = "<group>"; };
		56C995481A088C180006477D /* BugFixContainerView.h */ = {isa = PBXFileReference; fileEncoding = 4; lastKnownFileType = sourcecode.c.h; path = BugFixContainerView.h; sourceTree = "<group>"; };
		56C995491A088C180006477D /* BugFixContainerView.m */ = {isa = PBXFileReference; fileEncoding = 4; lastKnownFileType = sourcecode.c.objc; path = BugFixContainerView.m; sourceTree = "<group>"; };
		56D13B401A411961001B2AC7 /* GAI.h */ = {isa = PBXFileReference; lastKnownFileType = sourcecode.c.h; path = GAI.h; sourceTree = "<group>"; };
		56D13B411A411961001B2AC7 /* GAIDictionaryBuilder.h */ = {isa = PBXFileReference; lastKnownFileType = sourcecode.c.h; path = GAIDictionaryBuilder.h; sourceTree = "<group>"; };
		56D13B421A411961001B2AC7 /* GAIFields.h */ = {isa = PBXFileReference; lastKnownFileType = sourcecode.c.h; path = GAIFields.h; sourceTree = "<group>"; };
		56D13B431A411961001B2AC7 /* GAILogger.h */ = {isa = PBXFileReference; lastKnownFileType = sourcecode.c.h; path = GAILogger.h; sourceTree = "<group>"; };
		56D13B441A411961001B2AC7 /* GAITrackedViewController.h */ = {isa = PBXFileReference; lastKnownFileType = sourcecode.c.h; path = GAITrackedViewController.h; sourceTree = "<group>"; };
		56D13B451A411961001B2AC7 /* GAITracker.h */ = {isa = PBXFileReference; lastKnownFileType = sourcecode.c.h; path = GAITracker.h; sourceTree = "<group>"; };
		56D13B461A41198B001B2AC7 /* libGoogleAnalyticsServices.a */ = {isa = PBXFileReference; lastKnownFileType = archive.ar; path = libGoogleAnalyticsServices.a; sourceTree = "<group>"; };
		56D13B481A4119FC001B2AC7 /* CoreData.framework */ = {isa = PBXFileReference; lastKnownFileType = wrapper.framework; name = CoreData.framework; path = System/Library/Frameworks/CoreData.framework; sourceTree = SDKROOT; };
		56D13B4A1A411A30001B2AC7 /* libz.dylib */ = {isa = PBXFileReference; lastKnownFileType = "compiled.mach-o.dylib"; name = libz.dylib; path = usr/lib/libz.dylib; sourceTree = SDKROOT; };
		56D13B4C1A4120CB001B2AC7 /* libsqlite3.0.dylib */ = {isa = PBXFileReference; lastKnownFileType = "compiled.mach-o.dylib"; name = libsqlite3.0.dylib; path = usr/lib/libsqlite3.0.dylib; sourceTree = SDKROOT; };
		56E14FFB19FF38930029B81D /* playVC.h */ = {isa = PBXFileReference; fileEncoding = 4; lastKnownFileType = sourcecode.c.h; path = playVC.h; sourceTree = "<group>"; };
		56E14FFC19FF38930029B81D /* playVC.m */ = {isa = PBXFileReference; fileEncoding = 4; lastKnownFileType = sourcecode.c.objc; path = playVC.m; sourceTree = "<group>"; };
/* End PBXFileReference section */

/* Begin PBXFrameworksBuildPhase section */
		56427E1019AB823200B516A0 /* Frameworks */ = {
			isa = PBXFrameworksBuildPhase;
			buildActionMask = 2147483647;
			files = (
				5606B0341A4AEB3C003F6E9E /* MediaPlayer.framework in Frameworks */,
				56D13B4D1A4120CB001B2AC7 /* libsqlite3.0.dylib in Frameworks */,
				56D13B4B1A411A30001B2AC7 /* libz.dylib in Frameworks */,
				56D13B491A4119FC001B2AC7 /* CoreData.framework in Frameworks */,
				56427EC019AB91BF00B516A0 /* StoreKit.framework in Frameworks */,
				56427EBE19AB919B00B516A0 /* MessageUI.framework in Frameworks */,
				56427EBC19AB918C00B516A0 /* SystemConfiguration.framework in Frameworks */,
				56427EBA19AB917A00B516A0 /* AdSupport.framework in Frameworks */,
				56427EB819AB916400B516A0 /* CoreTelephony.framework in Frameworks */,
				56427EB619AB915100B516A0 /* Security.framework in Frameworks */,
				56427EB419AB913D00B516A0 /* ImageIO.framework in Frameworks */,
				56427EB219AB905500B516A0 /* AudioToolbox.framework in Frameworks */,
				568B96401A1B03BB00368272 /* libGoogleAdMobAds.a in Frameworks */,
				568B968C1A1C370600368272 /* libNendAd.a in Frameworks */,
				56427EB019AB904400B516A0 /* QuartzCore.framework in Frameworks */,
				56D13B471A41198B001B2AC7 /* libGoogleAnalyticsServices.a in Frameworks */,
				56427EAE19AB8FE200B516A0 /* iAd.framework in Frameworks */,
				56427EAC19AB8FC900B516A0 /* AVFoundation.framework in Frameworks */,
				568B968A1A1C370600368272 /* libAdapterNend.a in Frameworks */,
				56427E1919AB823200B516A0 /* CoreGraphics.framework in Frameworks */,
				56427E1B19AB823200B516A0 /* UIKit.framework in Frameworks */,
				56427E1719AB823200B516A0 /* Foundation.framework in Frameworks */,
			);
			runOnlyForDeploymentPostprocessing = 0;
		};
		56427E3419AB823200B516A0 /* Frameworks */ = {
			isa = PBXFrameworksBuildPhase;
			buildActionMask = 2147483647;
			files = (
				56427E3919AB823200B516A0 /* XCTest.framework in Frameworks */,
				56427E3B19AB823200B516A0 /* UIKit.framework in Frameworks */,
				56427E3A19AB823200B516A0 /* Foundation.framework in Frameworks */,
			);
			runOnlyForDeploymentPostprocessing = 0;
		};
/* End PBXFrameworksBuildPhase section */

/* Begin PBXGroup section */
		56017BA41A24070F001E6CEF /* ViewController */ = {
			isa = PBXGroup;
			children = (
				568B95F31A11CF5600368272 /* BISettingViewController.h */,
				568B95F41A11CF5600368272 /* BISettingViewController.m */,
				56A9A9F81A284AA100DBE7F4 /* kBIAddOnPurchaseViewController.h */,
				56A9A9F91A284AA100DBE7F4 /* kBIAddOnPurchaseViewController.m */,
				56A9A9F31A2804A700DBE7F4 /* kBISettingMotionControllsViewController.h */,
				56A9A9F41A2804A700DBE7F4 /* kBISettingMotionControllsViewController.m */,
				56017B9E1A23776D001E6CEF /* kBISoundEffectSettingsViewController.h */,
				56017B9F1A23776D001E6CEF /* kBISoundEffectSettingsViewController.m */,
				56017BA81A240F15001E6CEF /* kBISettingColorViewController.h */,
				56017BA91A240F15001E6CEF /* kBISettingColorViewController.m */,
				5606B0521A5005F2003F6E9E /* kBISelectMusicViewController.h */,
				5606B0531A5005F2003F6E9E /* kBISelectMusicViewController.m */,
			);
			name = ViewController;
			sourceTree = "<group>";
		};
		5606B0441A4CF876003F6E9E /* CustomUIView */ = {
			isa = PBXGroup;
			children = (
				5606B03F1A4CEC8E003F6E9E /* kBIUIViewShowMusicHundlerInfo.h */,
				5606B0401A4CEC8E003F6E9E /* kBIUIViewShowMusicHundlerInfo.m */,
				5606B0451A4CF94C003F6E9E /* kBIUIViewShowMusicHundlerInfo.xib */,
			);
			name = CustomUIView;
			sourceTree = "<group>";
		};
		5606B0471A4D015D003F6E9E /* kBIMediaPicker */ = {
			isa = PBXGroup;
			children = (
				5606B0351A4AEE5F003F6E9E /* kBIMediaPickerController.h */,
				5606B0361A4AEE5F003F6E9E /* kBIMediaPickerController.m */,
				5606B03A1A4BFE9F003F6E9E /* kBIMusicHundlerByImageName.h */,
				5606B03B1A4BFE9F003F6E9E /* kBIMusicHundlerByImageName.m */,
			);
			name = kBIMediaPicker;
			sourceTree = "<group>";
		};
		5606B0591A518FAA003F6E9E /* CellFeedBackAndShare */ = {
			isa = PBXGroup;
			children = (
				568B95FF1A12350500368272 /* BIFeedbakAndActionCell.h */,
				568B96001A12350500368272 /* BIFeedbakAndActionCell.m */,
				5606B0571A518E39003F6E9E /* CellFeedbackAndShare.xib */,
			);
			name = CellFeedBackAndShare;
			sourceTree = "<group>";
		};
		5606B05A1A518FC0003F6E9E /* CellHaveFourItems */ = {
			isa = PBXGroup;
			children = (
				568B95F61A11D50A00368272 /* BITableViewCellHaveFourItems.h */,
				568B95F71A11D50A00368272 /* BITableViewCellHaveFourItems.m */,
				5606B0551A51867E003F6E9E /* CellHaveFourItems.xib */,
			);
			name = CellHaveFourItems;
			sourceTree = "<group>";
		};
		5606B05D1A519179003F6E9E /* CellHaveSwitch */ = {
			isa = PBXGroup;
			children = (
				56017B951A2305F5001E6CEF /* kBITableViewCellHaveSwitch.h */,
				56017B961A2305F5001E6CEF /* kBITableViewCellHaveSwitch.m */,
				5606B05B1A518FD8003F6E9E /* CellHaveSwitch.xib */,
			);
			name = CellHaveSwitch;
			sourceTree = "<group>";
		};
		56427E0A19AB823200B516A0 = {
			isa = PBXGroup;
			children = (
				56427E4E19AB82C200B516A0 /* .gitignore */,
				56427E1C19AB823200B516A0 /* BodyImpersonator */,
				56427E3E19AB823200B516A0 /* BodyImpersonatorTests */,
				56427E1519AB823200B516A0 /* Frameworks */,
				56427E1419AB823200B516A0 /* Products */,
			);
			sourceTree = "<group>";
		};
		56427E1419AB823200B516A0 /* Products */ = {
			isa = PBXGroup;
			children = (
				56427E1319AB823200B516A0 /* BodyImpersonator.app */,
				56427E3719AB823200B516A0 /* BodyImpersonatorTests.xctest */,
			);
			name = Products;
			sourceTree = "<group>";
		};
		56427E1519AB823200B516A0 /* Frameworks */ = {
			isa = PBXGroup;
			children = (
				5606B0331A4AEB3C003F6E9E /* MediaPlayer.framework */,
				56D13B4C1A4120CB001B2AC7 /* libsqlite3.0.dylib */,
				56D13B4A1A411A30001B2AC7 /* libz.dylib */,
				56D13B481A4119FC001B2AC7 /* CoreData.framework */,
				56427EBF19AB91BE00B516A0 /* StoreKit.framework */,
				56427EBD19AB919B00B516A0 /* MessageUI.framework */,
				56427EBB19AB918C00B516A0 /* SystemConfiguration.framework */,
				56427EB919AB917A00B516A0 /* AdSupport.framework */,
				56427EB719AB916400B516A0 /* CoreTelephony.framework */,
				56427EB519AB915100B516A0 /* Security.framework */,
				56427EB319AB913D00B516A0 /* ImageIO.framework */,
				56427EB119AB905500B516A0 /* AudioToolbox.framework */,
				56427EAF19AB904400B516A0 /* QuartzCore.framework */,
				56427EAD19AB8FE200B516A0 /* iAd.framework */,
				56427EAB19AB8FC900B516A0 /* AVFoundation.framework */,
				56427E1619AB823200B516A0 /* Foundation.framework */,
				56427E1819AB823200B516A0 /* CoreGraphics.framework */,
				56427E1A19AB823200B516A0 /* UIKit.framework */,
				56427E3819AB823200B516A0 /* XCTest.framework */,
			);
			name = Frameworks;
			sourceTree = "<group>";
		};
		56427E1C19AB823200B516A0 /* BodyImpersonator */ = {
			isa = PBXGroup;
			children = (
				56D13B3F1A41190A001B2AC7 /* GoogleAnalyticsServicesiOS_3.08 */,
				56A9A9FD1A29AF3700DBE7F4 /* scripts */,
				56427E6219AB87A300B516A0 /* AD */,
				56427E8219AB887E00B516A0 /* Assets */,
				56A9A9F11A24A0B600DBE7F4 /* Objects */,
				568B96B61A1EBF6D00368272 /* MyCategory */,
				56427E2819AB823200B516A0 /* Main_iPhone.storyboard */,
				568B96021A12351E00368272 /* BITableView */,
				56427E2519AB823200B516A0 /* AppDelegate.h */,
				56427E2619AB823200B516A0 /* AppDelegate.m */,
				56427E2E19AB823200B516A0 /* ViewController.h */,
				56427E2F19AB823200B516A0 /* ViewController.m */,
				5606B0441A4CF876003F6E9E /* CustomUIView */,
				5606B0471A4D015D003F6E9E /* kBIMediaPicker */,
				56E14FFB19FF38930029B81D /* playVC.h */,
				56E14FFC19FF38930029B81D /* playVC.m */,
				5686757919BED3C900AF524A /* secondVC.h */,
				5686757A19BED3C900AF524A /* secondVC.m */,
				568B96B71A1EBFDF00368272 /* PreveiwVC */,
				568B96151A15DB4000368272 /* BICollectionView */,
				56427E3119AB823200B516A0 /* Images.xcassets */,
				56427E1D19AB823200B516A0 /* Supporting Files */,
			);
			path = BodyImpersonator;
			sourceTree = "<group>";
		};
		56427E1D19AB823200B516A0 /* Supporting Files */ = {
			isa = PBXGroup;
			children = (
				56427E1E19AB823200B516A0 /* BodyImpersonator-Info.plist */,
				56427E1F19AB823200B516A0 /* InfoPlist.strings */,
				56427E2219AB823200B516A0 /* main.m */,
				56427E2419AB823200B516A0 /* BodyImpersonator-Prefix.pch */,
				5676F8571A20703F00F7067F /* Localizable.strings */,
			);
			name = "Supporting Files";
			sourceTree = "<group>";
		};
		56427E3E19AB823200B516A0 /* BodyImpersonatorTests */ = {
			isa = PBXGroup;
			children = (
				56427E4419AB823200B516A0 /* BodyImpersonatorTests.m */,
				56427E3F19AB823200B516A0 /* Supporting Files */,
			);
			path = BodyImpersonatorTests;
			sourceTree = "<group>";
		};
		56427E3F19AB823200B516A0 /* Supporting Files */ = {
			isa = PBXGroup;
			children = (
				56427E4019AB823200B516A0 /* BodyImpersonatorTests-Info.plist */,
				56427E4119AB823200B516A0 /* InfoPlist.strings */,
			);
			name = "Supporting Files";
			sourceTree = "<group>";
		};
		56427E6219AB87A300B516A0 /* AD */ = {
			isa = PBXGroup;
			children = (
				568B96491A1C370600368272 /* NendSDK_iOS-2.5.5 */,
				56427E6419AB87B900B516A0 /* AdMob 6.1.2 */,
			);
			name = AD;
			sourceTree = "<group>";
		};
		56427E6419AB87B900B516A0 /* AdMob 6.1.2 */ = {
			isa = PBXGroup;
			children = (
				568B961F1A1B03BB00368272 /* Add-ons */,
				568B96321A1B03BB00368272 /* GADAdMobExtras.h */,
				568B96331A1B03BB00368272 /* GADAdNetworkExtras.h */,
				568B96341A1B03BB00368272 /* GADAdSize.h */,
				568B96351A1B03BB00368272 /* GADBannerView.h */,
				568B96361A1B03BB00368272 /* GADBannerViewDelegate.h */,
				568B96371A1B03BB00368272 /* GADInAppPurchase.h */,
				568B96381A1B03BB00368272 /* GADInAppPurchaseDelegate.h */,
				568B96391A1B03BB00368272 /* GADInterstitial.h */,
				568B963A1A1B03BB00368272 /* GADInterstitialDelegate.h */,
				568B963B1A1B03BB00368272 /* GADModules.h */,
				568B963C1A1B03BB00368272 /* GADRequest.h */,
				568B963D1A1B03BB00368272 /* GADRequestError.h */,
				568B963E1A1B03BB00368272 /* libGoogleAdMobAds.a */,
				568B963F1A1B03BB00368272 /* README.txt */,
			);
			name = "AdMob 6.1.2";
			sourceTree = "<group>";
		};
		56427E8219AB887E00B516A0 /* Assets */ = {
			isa = PBXGroup;
			children = (
				56427E8319AB88A700B516A0 /* sound */,
			);
			name = Assets;
			sourceTree = "<group>";
		};
		56427E8319AB88A700B516A0 /* sound */ = {
			isa = PBXGroup;
			children = (
				56427E9E19AB891500B516A0 /* ver1.0 */,
			);
			name = sound;
			sourceTree = "<group>";
		};
		56427E9E19AB891500B516A0 /* ver1.0 */ = {
			isa = PBXGroup;
			children = (
				5606B03D1A4C5BD1003F6E9E /* Theme05.mp3 */,
				5606B0381A4BF0ED003F6E9E /* Theme04.mp3 */,
				5606B02E1A4A638F003F6E9E /* Theme03.mp3 */,
				5606AFEE1A494F32003F6E9E /* Theme02.mp3 */,
				56427E8519AB88CB00B516A0 /* crash13.mp3 */,
				56427E8619AB88CB00B516A0 /* roll13.mp3 */,
			);
			name = ver1.0;
			sourceTree = "<group>";
		};
		568B96021A12351E00368272 /* BITableView */ = {
			isa = PBXGroup;
			children = (
				56017BA41A24070F001E6CEF /* ViewController */,
				56A9A9F01A24A03500DBE7F4 /* TableViewCell */,
			);
			name = BITableView;
			sourceTree = "<group>";
		};
		568B96151A15DB4000368272 /* BICollectionView */ = {
			isa = PBXGroup;
			children = (
				569B43211A00A89300EF21EC /* FrameOutCollectionViewFlowLayout.h */,
				569B43221A00A89300EF21EC /* FrameOutCollectionViewFlowLayout.m */,
				569B43271A00BCB700EF21EC /* BICollectionViewCell.h */,
				569B43281A00BCB700EF21EC /* BICollectionViewCell.m */,
				565E97D81A0D0B4000C18266 /* BICollectionReusableView.h */,
				565E97D91A0D0B4000C18266 /* BICollectionReusableView.m */,
			);
			name = BICollectionView;
			sourceTree = "<group>";
		};
		568B961F1A1B03BB00368272 /* Add-ons */ = {
			isa = PBXGroup;
			children = (
				568B96201A1B03BB00368272 /* DoubleClick */,
				568B96281A1B03BB00368272 /* Mediation */,
				568B962F1A1B03BB00368272 /* Search */,
			);
			path = "Add-ons";
			sourceTree = "<group>";
		};
		568B96201A1B03BB00368272 /* DoubleClick */ = {
			isa = PBXGroup;
			children = (
				568B96211A1B03BB00368272 /* DFPBannerView.h */,
				568B96221A1B03BB00368272 /* DFPExtras.h */,
				568B96231A1B03BB00368272 /* DFPInterstitial.h */,
				568B96241A1B03BB00368272 /* DFPSwipeableBannerView.h */,
				568B96251A1B03BB00368272 /* GADAdSizeDelegate.h */,
				568B96261A1B03BB00368272 /* GADAppEventDelegate.h */,
				568B96271A1B03BB00368272 /* GADSwipeableBannerViewDelegate.h */,
			);
			path = DoubleClick;
			sourceTree = "<group>";
		};
		568B96281A1B03BB00368272 /* Mediation */ = {
			isa = PBXGroup;
			children = (
				568B96291A1B03BB00368272 /* GADCustomEventBanner.h */,
				568B962A1A1B03BB00368272 /* GADCustomEventBannerDelegate.h */,
				568B962B1A1B03BB00368272 /* GADCustomEventExtras.h */,
				568B962C1A1B03BB00368272 /* GADCustomEventInterstitial.h */,
				568B962D1A1B03BB00368272 /* GADCustomEventInterstitialDelegate.h */,
				568B962E1A1B03BB00368272 /* GADCustomEventRequest.h */,
			);
			path = Mediation;
			sourceTree = "<group>";
		};
		568B962F1A1B03BB00368272 /* Search */ = {
			isa = PBXGroup;
			children = (
				568B96301A1B03BB00368272 /* GADSearchBannerView.h */,
				568B96311A1B03BB00368272 /* GADSearchRequest.h */,
			);
			path = Search;
			sourceTree = "<group>";
		};
		568B96491A1C370600368272 /* NendSDK_iOS-2.5.5 */ = {
			isa = PBXGroup;
			children = (
				568B964A1A1C370600368272 /* AdMobMediationAdapter */,
				568B964D1A1C370600368272 /* Nend */,
			);
			path = "NendSDK_iOS-2.5.5";
			sourceTree = "<group>";
		};
		568B964A1A1C370600368272 /* AdMobMediationAdapter */ = {
			isa = PBXGroup;
			children = (
				568B964B1A1C370600368272 /* libAdapterNend.a */,
				568B964C1A1C370600368272 /* libAdapterNend_readme.txt */,
			);
			path = AdMobMediationAdapter;
			sourceTree = "<group>";
		};
		568B964D1A1C370600368272 /* Nend */ = {
			isa = PBXGroup;
			children = (
				568B964E1A1C370600368272 /* NendAd */,
				568B96561A1C370600368272 /* NendAd-Bridging-Header.h */,
			);
			path = Nend;
			sourceTree = "<group>";
		};
		568B964E1A1C370600368272 /* NendAd */ = {
			isa = PBXGroup;
			children = (
				568B964F1A1C370600368272 /* libNendAd.a */,
				568B96501A1C370600368272 /* NADIconArrayView.h */,
				568B96511A1C370600368272 /* NADIconLoader.h */,
				568B96521A1C370600368272 /* NADIconView.h */,
				568B96531A1C370600368272 /* NADInterstitial.h */,
				568B96541A1C370600368272 /* NADView.h */,
				568B96551A1C370600368272 /* NADView_readme.txt */,
			);
			path = NendAd;
			sourceTree = "<group>";
		};
		568B96B61A1EBF6D00368272 /* MyCategory */ = {
			isa = PBXGroup;
			children = (
				56A4B1FD19FB70C40009CC37 /* NSArray+IndexHelper.h */,
				56A4B1FE19FB70C40009CC37 /* NSArray+IndexHelper.m */,
				56A9A9F21A24A0E600DBE7F4 /* Animation */,
			);
			name = MyCategory;
			sourceTree = "<group>";
		};
		568B96B71A1EBFDF00368272 /* PreveiwVC */ = {
			isa = PBXGroup;
			children = (
				564AD77919E3B4FB0069901D /* previewVC.h */,
				564AD77A19E3B4FB0069901D /* previewVC.m */,
				568B961C1A185CF300368272 /* tappedImageVC.h */,
				568B961D1A185CF300368272 /* tappedImageVC.m */,
			);
			name = PreveiwVC;
			sourceTree = "<group>";
		};
		56A9A9F01A24A03500DBE7F4 /* TableViewCell */ = {
			isa = PBXGroup;
			children = (
				56017B981A2310E3001E6CEF /* kBITableViewCellHavePicker.h */,
				56017B991A2310E3001E6CEF /* kBITableViewCellHavePicker.m */,
				5606B05D1A519179003F6E9E /* CellHaveSwitch */,
				5606B05A1A518FC0003F6E9E /* CellHaveFourItems */,
				5606B0591A518FAA003F6E9E /* CellFeedBackAndShare */,
			);
			name = TableViewCell;
			sourceTree = "<group>";
		};
		56A9A9F11A24A0B600DBE7F4 /* Objects */ = {
			isa = PBXGroup;
			children = (
				5606B04F1A4FD7C8003F6E9E /* kAVAudioPlayerManager.h */,
				5606B0501A4FD7C8003F6E9E /* kAVAudioPlayerManager.m */,
				56427EA219AB897500B516A0 /* AVAudioPlayer+CustomControllers.h */,
				56427EA319AB897500B516A0 /* AVAudioPlayer+CustomControllers.m */,
				56C995481A088C180006477D /* BugFixContainerView.h */,
				56C995491A088C180006477D /* BugFixContainerView.m */,
				568B96B81A1ECF1700368272 /* kBIIndicator.h */,
				568B96B91A1ECF1700368272 /* kBIIndicator.m */,
			);
			name = Objects;
			sourceTree = "<group>";
		};
		56A9A9F21A24A0E600DBE7F4 /* Animation */ = {
			isa = PBXGroup;
			children = (
				56427E9F19AB895300B516A0 /* UIImageView+Animation.h */,
				56427EA019AB895300B516A0 /* UIImageView+Animation.m */,
				568B96B31A1DB61D00368272 /* NSObject+Animation.h */,
				568B96B41A1DB61D00368272 /* NSObject+Animation.m */,
			);
			name = Animation;
			sourceTree = "<group>";
		};
		56A9A9FD1A29AF3700DBE7F4 /* scripts */ = {
			isa = PBXGroup;
			children = (
			);
			name = scripts;
			sourceTree = "<group>";
		};
		56D13B3F1A41190A001B2AC7 /* GoogleAnalyticsServicesiOS_3.08 */ = {
			isa = PBXGroup;
			children = (
				56D13B461A41198B001B2AC7 /* libGoogleAnalyticsServices.a */,
				56D13B401A411961001B2AC7 /* GAI.h */,
				56D13B411A411961001B2AC7 /* GAIDictionaryBuilder.h */,
				56D13B421A411961001B2AC7 /* GAIFields.h */,
				56D13B431A411961001B2AC7 /* GAILogger.h */,
				56D13B441A411961001B2AC7 /* GAITrackedViewController.h */,
				56D13B451A411961001B2AC7 /* GAITracker.h */,
			);
			name = GoogleAnalyticsServicesiOS_3.08;
			sourceTree = "<group>";
		};
/* End PBXGroup section */

/* Begin PBXNativeTarget section */
		56427E1219AB823200B516A0 /* BodyImpersonator */ = {
			isa = PBXNativeTarget;
			buildConfigurationList = 56427E4819AB823200B516A0 /* Build configuration list for PBXNativeTarget "BodyImpersonator" */;
			buildPhases = (
				56427E0F19AB823200B516A0 /* Sources */,
				56427E1019AB823200B516A0 /* Frameworks */,
				56427E1119AB823200B516A0 /* Resources */,
			);
			buildRules = (
			);
			dependencies = (
			);
			name = BodyImpersonator;
			productName = BodyImpersonator;
			productReference = 56427E1319AB823200B516A0 /* BodyImpersonator.app */;
			productType = "com.apple.product-type.application";
		};
		56427E3619AB823200B516A0 /* BodyImpersonatorTests */ = {
			isa = PBXNativeTarget;
			buildConfigurationList = 56427E4B19AB823200B516A0 /* Build configuration list for PBXNativeTarget "BodyImpersonatorTests" */;
			buildPhases = (
				56427E3319AB823200B516A0 /* Sources */,
				56427E3419AB823200B516A0 /* Frameworks */,
				56427E3519AB823200B516A0 /* Resources */,
			);
			buildRules = (
			);
			dependencies = (
				56427E3D19AB823200B516A0 /* PBXTargetDependency */,
			);
			name = BodyImpersonatorTests;
			productName = BodyImpersonatorTests;
			productReference = 56427E3719AB823200B516A0 /* BodyImpersonatorTests.xctest */;
			productType = "com.apple.product-type.bundle.unit-test";
		};
/* End PBXNativeTarget section */

/* Begin PBXProject section */
		56427E0B19AB823200B516A0 /* Project object */ = {
			isa = PBXProject;
			attributes = {
				LastUpgradeCheck = 0510;
				ORGANIZATIONNAME = "shichino yuta";
				TargetAttributes = {
					56427E1219AB823200B516A0 = {
						DevelopmentTeam = 3UR743JQHM;
						SystemCapabilities = {
							com.apple.BackgroundModes = {
								enabled = 1;
							};
						};
					};
					56427E3619AB823200B516A0 = {
						TestTargetID = 56427E1219AB823200B516A0;
					};
				};
			};
			buildConfigurationList = 56427E0E19AB823200B516A0 /* Build configuration list for PBXProject "BodyImpersonator" */;
			compatibilityVersion = "Xcode 3.2";
			developmentRegion = English;
			hasScannedForEncodings = 0;
			knownRegions = (
				en,
				Base,
				ja,
			);
			mainGroup = 56427E0A19AB823200B516A0;
			productRefGroup = 56427E1419AB823200B516A0 /* Products */;
			projectDirPath = "";
			projectRoot = "";
			targets = (
				56427E1219AB823200B516A0 /* BodyImpersonator */,
				56427E3619AB823200B516A0 /* BodyImpersonatorTests */,
			);
		};
/* End PBXProject section */

/* Begin PBXResourcesBuildPhase section */
		56427E1119AB823200B516A0 /* Resources */ = {
			isa = PBXResourcesBuildPhase;
			buildActionMask = 2147483647;
			files = (
				5606B0391A4BF0ED003F6E9E /* Theme04.mp3 in Resources */,
				568B96411A1B03BB00368272 /* README.txt in Resources */,
				56427E4F19AB82C200B516A0 /* .gitignore in Resources */,
				5606B0461A4CF94C003F6E9E /* kBIUIViewShowMusicHundlerInfo.xib in Resources */,
				5606B0561A51867E003F6E9E /* CellHaveFourItems.xib in Resources */,
				5606B05C1A518FD8003F6E9E /* CellHaveSwitch.xib in Resources */,
				5606B03E1A4C5BD1003F6E9E /* Theme05.mp3 in Resources */,
				5606B0581A518E39003F6E9E /* CellFeedbackAndShare.xib in Resources */,
				56427E3219AB823200B516A0 /* Images.xcassets in Resources */,
				568B968B1A1C370600368272 /* libAdapterNend_readme.txt in Resources */,
				56427E2A19AB823200B516A0 /* Main_iPhone.storyboard in Resources */,
				5606AFEF1A494F32003F6E9E /* Theme02.mp3 in Resources */,
				56427E2119AB823200B516A0 /* InfoPlist.strings in Resources */,
				5676F8551A20703F00F7067F /* Localizable.strings in Resources */,
				5606B02F1A4A638F003F6E9E /* Theme03.mp3 in Resources */,
				568B968D1A1C370600368272 /* NADView_readme.txt in Resources */,
				56427E8719AB88CB00B516A0 /* crash13.mp3 in Resources */,
				56427E8819AB88CB00B516A0 /* roll13.mp3 in Resources */,
			);
			runOnlyForDeploymentPostprocessing = 0;
		};
		56427E3519AB823200B516A0 /* Resources */ = {
			isa = PBXResourcesBuildPhase;
			buildActionMask = 2147483647;
			files = (
				56427E4319AB823200B516A0 /* InfoPlist.strings in Resources */,
			);
			runOnlyForDeploymentPostprocessing = 0;
		};
/* End PBXResourcesBuildPhase section */

/* Begin PBXSourcesBuildPhase section */
		56427E0F19AB823200B516A0 /* Sources */ = {
			isa = PBXSourcesBuildPhase;
			buildActionMask = 2147483647;
			files = (
				56427E3019AB823200B516A0 /* ViewController.m in Sources */,
				5686757B19BED3C900AF524A /* secondVC.m in Sources */,
				565E97DA1A0D0B4000C18266 /* BICollectionReusableView.m in Sources */,
				56427EA819AB897500B516A0 /* AVAudioPlayer+CustomControllers.m in Sources */,
				569B43291A00BCB700EF21EC /* BICollectionViewCell.m in Sources */,
				569B43231A00A89300EF21EC /* FrameOutCollectionViewFlowLayout.m in Sources */,
				5606B03C1A4BFE9F003F6E9E /* kBIMusicHundlerByImageName.m in Sources */,
				56017B971A2305F5001E6CEF /* kBITableViewCellHaveSwitch.m in Sources */,
				56427EA119AB895300B516A0 /* UIImageView+Animation.m in Sources */,
				568B95F51A11CF5600368272 /* BISettingViewController.m in Sources */,
				568B96B51A1DB61D00368272 /* NSObject+Animation.m in Sources */,
				56C9954A1A088C180006477D /* BugFixContainerView.m in Sources */,
				56017BAA1A240F15001E6CEF /* kBISettingColorViewController.m in Sources */,
				568B96BA1A1ECF1700368272 /* kBIIndicator.m in Sources */,
				5606B0371A4AEE5F003F6E9E /* kBIMediaPickerController.m in Sources */,
				568B961E1A185CF300368272 /* tappedImageVC.m in Sources */,
				568B95F81A11D50A00368272 /* BITableViewCellHaveFourItems.m in Sources */,
				56427E2719AB823200B516A0 /* AppDelegate.m in Sources */,
				568B96011A12350500368272 /* BIFeedbakAndActionCell.m in Sources */,
				56427E2319AB823200B516A0 /* main.m in Sources */,
				564AD77B19E3B4FB0069901D /* previewVC.m in Sources */,
				56A9A9FA1A284AA100DBE7F4 /* kBIAddOnPurchaseViewController.m in Sources */,
				5606B0511A4FD7C8003F6E9E /* kAVAudioPlayerManager.m in Sources */,
				5606B0411A4CEC8F003F6E9E /* kBIUIViewShowMusicHundlerInfo.m in Sources */,
				56017BA01A23776D001E6CEF /* kBISoundEffectSettingsViewController.m in Sources */,
				56E14FFD19FF38930029B81D /* playVC.m in Sources */,
				56A9A9F61A2804A700DBE7F4 /* kBISettingMotionControllsViewController.m in Sources */,
				5606B0541A5005F2003F6E9E /* kBISelectMusicViewController.m in Sources */,
				56017B9A1A2310E3001E6CEF /* kBITableViewCellHavePicker.m in Sources */,
				56A4B1FF19FB70C40009CC37 /* NSArray+IndexHelper.m in Sources */,
			);
			runOnlyForDeploymentPostprocessing = 0;
		};
		56427E3319AB823200B516A0 /* Sources */ = {
			isa = PBXSourcesBuildPhase;
			buildActionMask = 2147483647;
			files = (
				56427E4519AB823200B516A0 /* BodyImpersonatorTests.m in Sources */,
			);
			runOnlyForDeploymentPostprocessing = 0;
		};
/* End PBXSourcesBuildPhase section */

/* Begin PBXTargetDependency section */
		56427E3D19AB823200B516A0 /* PBXTargetDependency */ = {
			isa = PBXTargetDependency;
			target = 56427E1219AB823200B516A0 /* BodyImpersonator */;
			targetProxy = 56427E3C19AB823200B516A0 /* PBXContainerItemProxy */;
		};
/* End PBXTargetDependency section */

/* Begin PBXVariantGroup section */
		56427E1F19AB823200B516A0 /* InfoPlist.strings */ = {
			isa = PBXVariantGroup;
			children = (
				56427E2019AB823200B516A0 /* en */,
				5617B4BE1A20437800586645 /* ja */,
			);
			name = InfoPlist.strings;
			sourceTree = "<group>";
		};
		56427E2819AB823200B516A0 /* Main_iPhone.storyboard */ = {
			isa = PBXVariantGroup;
			children = (
				56427E2919AB823200B516A0 /* Base */,
				56A9AA061A29B61400DBE7F4 /* ja */,
				56A9AA081A29B61700DBE7F4 /* en */,
			);
			name = Main_iPhone.storyboard;
			sourceTree = "<group>";
		};
		56427E4119AB823200B516A0 /* InfoPlist.strings */ = {
			isa = PBXVariantGroup;
			children = (
				56427E4219AB823200B516A0 /* en */,
				5617B4C11A20437800586645 /* ja */,
			);
			name = InfoPlist.strings;
			sourceTree = "<group>";
		};
		5676F8571A20703F00F7067F /* Localizable.strings */ = {
			isa = PBXVariantGroup;
			children = (
				5676F8561A20703F00F7067F /* Base */,
				5676F8581A20704300F7067F /* ja */,
			);
			name = Localizable.strings;
			sourceTree = "<group>";
		};
/* End PBXVariantGroup section */

/* Begin XCBuildConfiguration section */
		56427E4619AB823200B516A0 /* Debug */ = {
			isa = XCBuildConfiguration;
			buildSettings = {
				ALWAYS_SEARCH_USER_PATHS = NO;
				CLANG_CXX_LANGUAGE_STANDARD = "gnu++0x";
				CLANG_CXX_LIBRARY = "libc++";
				CLANG_ENABLE_MODULES = YES;
				CLANG_ENABLE_OBJC_ARC = YES;
				CLANG_WARN_BOOL_CONVERSION = YES;
				CLANG_WARN_CONSTANT_CONVERSION = YES;
				CLANG_WARN_DIRECT_OBJC_ISA_USAGE = YES_ERROR;
				CLANG_WARN_EMPTY_BODY = YES;
				CLANG_WARN_ENUM_CONVERSION = YES;
				CLANG_WARN_INT_CONVERSION = YES;
				CLANG_WARN_OBJC_ROOT_CLASS = YES_ERROR;
				CLANG_WARN__DUPLICATE_METHOD_MATCH = YES;
				"CODE_SIGN_IDENTITY[sdk=iphoneos*]" = "iPhone Developer";
				COPY_PHASE_STRIP = NO;
				GCC_C_LANGUAGE_STANDARD = gnu99;
				GCC_DYNAMIC_NO_PIC = NO;
				GCC_OPTIMIZATION_LEVEL = 0;
				GCC_PREPROCESSOR_DEFINITIONS = (
					"DEBUG=1",
					"$(inherited)",
				);
				GCC_SYMBOLS_PRIVATE_EXTERN = NO;
				GCC_WARN_64_TO_32_BIT_CONVERSION = YES;
				GCC_WARN_ABOUT_RETURN_TYPE = YES_ERROR;
				GCC_WARN_UNDECLARED_SELECTOR = YES;
				GCC_WARN_UNINITIALIZED_AUTOS = YES_AGGRESSIVE;
				GCC_WARN_UNUSED_FUNCTION = YES;
				GCC_WARN_UNUSED_VARIABLE = YES;
				IPHONEOS_DEPLOYMENT_TARGET = 7.1;
				ONLY_ACTIVE_ARCH = YES;
				PROVISIONING_PROFILE = "04a51748-dc2f-4329-99bd-d134df3fbfec";
				SDKROOT = iphoneos;
				TARGETED_DEVICE_FAMILY = "1,2";
			};
			name = Debug;
		};
		56427E4719AB823200B516A0 /* Release */ = {
			isa = XCBuildConfiguration;
			buildSettings = {
				ALWAYS_SEARCH_USER_PATHS = NO;
				CLANG_CXX_LANGUAGE_STANDARD = "gnu++0x";
				CLANG_CXX_LIBRARY = "libc++";
				CLANG_ENABLE_MODULES = YES;
				CLANG_ENABLE_OBJC_ARC = YES;
				CLANG_WARN_BOOL_CONVERSION = YES;
				CLANG_WARN_CONSTANT_CONVERSION = YES;
				CLANG_WARN_DIRECT_OBJC_ISA_USAGE = YES_ERROR;
				CLANG_WARN_EMPTY_BODY = YES;
				CLANG_WARN_ENUM_CONVERSION = YES;
				CLANG_WARN_INT_CONVERSION = YES;
				CLANG_WARN_OBJC_ROOT_CLASS = YES_ERROR;
				CLANG_WARN__DUPLICATE_METHOD_MATCH = YES;
				"CODE_SIGN_IDENTITY[sdk=iphoneos*]" = "iPhone Developer";
				COPY_PHASE_STRIP = YES;
				ENABLE_NS_ASSERTIONS = NO;
				GCC_C_LANGUAGE_STANDARD = gnu99;
				GCC_WARN_64_TO_32_BIT_CONVERSION = YES;
				GCC_WARN_ABOUT_RETURN_TYPE = YES_ERROR;
				GCC_WARN_UNDECLARED_SELECTOR = YES;
				GCC_WARN_UNINITIALIZED_AUTOS = YES_AGGRESSIVE;
				GCC_WARN_UNUSED_FUNCTION = YES;
				GCC_WARN_UNUSED_VARIABLE = YES;
				IPHONEOS_DEPLOYMENT_TARGET = 7.1;
				PROVISIONING_PROFILE = "04a51748-dc2f-4329-99bd-d134df3fbfec";
				SDKROOT = iphoneos;
				TARGETED_DEVICE_FAMILY = "1,2";
				VALIDATE_PRODUCT = YES;
			};
			name = Release;
		};
		56427E4919AB823200B516A0 /* Debug */ = {
			isa = XCBuildConfiguration;
			buildSettings = {
				ASSETCATALOG_COMPILER_APPICON_NAME = AppIcon;
				ASSETCATALOG_COMPILER_LAUNCHIMAGE_NAME = LaunchImage;
				CODE_SIGN_IDENTITY = "iPhone Developer";
				GCC_PRECOMPILE_PREFIX_HEADER = YES;
				GCC_PREFIX_HEADER = "BodyImpersonator/BodyImpersonator-Prefix.pch";
				INFOPLIST_FILE = "BodyImpersonator/BodyImpersonator-Info.plist";
				IPHONEOS_DEPLOYMENT_TARGET = 7.1;
				LIBRARY_SEARCH_PATHS = (
					"$(inherited)",
					"$(PROJECT_DIR)/BodyImpersonator",
					"$(PROJECT_DIR)/BodyImpersonator/NendSDK_iOS-2.5.5/AdMobMediationAdapter",
					"$(PROJECT_DIR)/BodyImpersonator/NendSDK_iOS-2.5.5/Nend/NendAd",
				);
				OTHER_LDFLAGS = "-ObjC";
				PRODUCT_NAME = "$(TARGET_NAME)";
				PROVISIONING_PROFILE = "";
				WRAPPER_EXTENSION = app;
			};
			name = Debug;
		};
		56427E4A19AB823200B516A0 /* Release */ = {
			isa = XCBuildConfiguration;
			buildSettings = {
				ASSETCATALOG_COMPILER_APPICON_NAME = AppIcon;
				ASSETCATALOG_COMPILER_LAUNCHIMAGE_NAME = LaunchImage;
				CODE_SIGN_IDENTITY = "iPhone Developer";
				GCC_PRECOMPILE_PREFIX_HEADER = YES;
				GCC_PREFIX_HEADER = "BodyImpersonator/BodyImpersonator-Prefix.pch";
				INFOPLIST_FILE = "BodyImpersonator/BodyImpersonator-Info.plist";
				IPHONEOS_DEPLOYMENT_TARGET = 7.1;
				LIBRARY_SEARCH_PATHS = (
					"$(inherited)",
					"$(PROJECT_DIR)/BodyImpersonator",
					"$(PROJECT_DIR)/BodyImpersonator/NendSDK_iOS-2.5.5/AdMobMediationAdapter",
					"$(PROJECT_DIR)/BodyImpersonator/NendSDK_iOS-2.5.5/Nend/NendAd",
				);
				OTHER_LDFLAGS = "-ObjC";
				PRODUCT_NAME = "$(TARGET_NAME)";
				WRAPPER_EXTENSION = app;
			};
			name = Release;
		};
		56427E4C19AB823200B516A0 /* Debug */ = {
			isa = XCBuildConfiguration;
			buildSettings = {
				BUNDLE_LOADER = "$(BUILT_PRODUCTS_DIR)/BodyImpersonator.app/BodyImpersonator";
				FRAMEWORK_SEARCH_PATHS = (
					"$(SDKROOT)/Developer/Library/Frameworks",
					"$(inherited)",
					"$(DEVELOPER_FRAMEWORKS_DIR)",
				);
				GCC_PRECOMPILE_PREFIX_HEADER = YES;
				GCC_PREFIX_HEADER = "BodyImpersonator/BodyImpersonator-Prefix.pch";
				GCC_PREPROCESSOR_DEFINITIONS = (
					"DEBUG=1",
					"$(inherited)",
				);
				INFOPLIST_FILE = "BodyImpersonatorTests/BodyImpersonatorTests-Info.plist";
				PRODUCT_NAME = "$(TARGET_NAME)";
				TEST_HOST = "$(BUNDLE_LOADER)";
				WRAPPER_EXTENSION = xctest;
			};
			name = Debug;
		};
		56427E4D19AB823200B516A0 /* Release */ = {
			isa = XCBuildConfiguration;
			buildSettings = {
				BUNDLE_LOADER = "$(BUILT_PRODUCTS_DIR)/BodyImpersonator.app/BodyImpersonator";
				FRAMEWORK_SEARCH_PATHS = (
					"$(SDKROOT)/Developer/Library/Frameworks",
					"$(inherited)",
					"$(DEVELOPER_FRAMEWORKS_DIR)",
				);
				GCC_PRECOMPILE_PREFIX_HEADER = YES;
				GCC_PREFIX_HEADER = "BodyImpersonator/BodyImpersonator-Prefix.pch";
				INFOPLIST_FILE = "BodyImpersonatorTests/BodyImpersonatorTests-Info.plist";
				PRODUCT_NAME = "$(TARGET_NAME)";
				TEST_HOST = "$(BUNDLE_LOADER)";
				WRAPPER_EXTENSION = xctest;
			};
			name = Release;
		};
/* End XCBuildConfiguration section */

/* Begin XCConfigurationList section */
		56427E0E19AB823200B516A0 /* Build configuration list for PBXProject "BodyImpersonator" */ = {
			isa = XCConfigurationList;
			buildConfigurations = (
				56427E4619AB823200B516A0 /* Debug */,
				56427E4719AB823200B516A0 /* Release */,
			);
			defaultConfigurationIsVisible = 0;
			defaultConfigurationName = Release;
		};
		56427E4819AB823200B516A0 /* Build configuration list for PBXNativeTarget "BodyImpersonator" */ = {
			isa = XCConfigurationList;
			buildConfigurations = (
				56427E4919AB823200B516A0 /* Debug */,
				56427E4A19AB823200B516A0 /* Release */,
			);
			defaultConfigurationIsVisible = 0;
			defaultConfigurationName = Release;
		};
		56427E4B19AB823200B516A0 /* Build configuration list for PBXNativeTarget "BodyImpersonatorTests" */ = {
			isa = XCConfigurationList;
			buildConfigurations = (
				56427E4C19AB823200B516A0 /* Debug */,
				56427E4D19AB823200B516A0 /* Release */,
			);
			defaultConfigurationIsVisible = 0;
			defaultConfigurationName = Release;
		};
/* End XCConfigurationList section */
	};
	rootObject = 56427E0B19AB823200B516A0 /* Project object */;
}
